Microsoft Visual Studio Solution File, Format Version 12.00
# Visual Studio Version 17
VisualStudioVersion = 17.5.2.0
MinimumVisualStudioVersion = 10.0.40219.1
Project("{FAE04EC0-301F-11D3-BF4B-00C04F79EFBC}") = "EasyPoker-API", "EasyPoker-API\EasyPoker-API.csproj", "{2FA59428-1697-66A9-EB34-454D953FD952}"
EndProject
Global
	GlobalSection(SolutionConfigurationPlatforms) = preSolution
		Debug|Any CPU = Debug|Any CPU
		Release|Any CPU = Release|Any CPU
	EndGlobalSection
	GlobalSection(ProjectConfigurationPlatforms) = postSolution
		{2FA59428-1697-66A9-EB34-454D953FD952}.Debug|Any CPU.ActiveCfg = Debug|Any CPU
		{2FA59428-1697-66A9-EB34-454D953FD952}.Debug|Any CPU.Build.0 = Debug|Any CPU
		{2FA59428-1697-66A9-EB34-454D953FD952}.Release|Any CPU.ActiveCfg = Release|Any CPU
		{2FA59428-1697-66A9-EB34-454D953FD952}.Release|Any CPU.Build.0 = Release|Any CPU
	EndGlobalSection
	GlobalSection(SolutionProperties) = preSolution
		HideSolutionNode = FALSE
	EndGlobalSection
	GlobalSection(ExtensibilityGlobals) = postSolution
		SolutionGuid = {701EE8AD-A3BB-45FA-99EF-801161E227E1}
	EndGlobalSection
EndGlobal
